{
  "name": "@baselime/paginate-aws",
  "version": "1.0.2",
  "lockfileVersion": 2,
  "requires": true,
  "packages": {
    "": {
      "name": "@baselime/paginate-aws",
      "version": "1.0.2",
      "license": "MIT",
      "dependencies": {
        "@baselime/paginate-aws": "^1.0.2"
      },
      "devDependencies": {
        "typescript": "^4.9.5"
      }
    },
    "node_modules/@baselime/paginate-aws": {
      "version": "1.0.2",
      "resolved": "https://npm.pkg.github.com/download/@baselime/paginate-aws/1.0.2/0715599b821ef8b84f14c2e6c94b0beb845c0c20",
      "integrity": "sha512-+0tKpxbOGOaPa2CW8eb7M8Ua5FxnhOEhToU1NAdPfSCeVgh5zZk4jUc7R05gHdIqOIIxQBW30z2vnoKXnKrGrw==",
      "license": "MIT"
    },
    "node_modules/typescript": {
      "version": "4.9.5",
      "resolved": "https://registry.npmjs.org/typescript/-/typescript-4.9.5.tgz",
      "integrity": "sha512-1FXk9E2Hm+QzZQ7z+McJiHL4NW1F2EzMu9Nq9i3zAaGqibafqYwCVU6WyWAuyQRRzOlxou8xZSyXLEN8oKj24g==",
      "dev": true,
      "bin": {
        "tsc": "bin/tsc",
        "tsserver": "bin/tsserver"
      },
      "engines": {
        "node": ">=4.2.0"
      }
    }
  },
  "dependencies": {
    "@baselime/paginate-aws": {
      "version": "1.0.2",
      "resolved": "https://npm.pkg.github.com/download/@baselime/paginate-aws/1.0.2/0715599b821ef8b84f14c2e6c94b0beb845c0c20",
      "integrity": "sha512-+0tKpxbOGOaPa2CW8eb7M8Ua5FxnhOEhToU1NAdPfSCeVgh5zZk4jUc7R05gHdIqOIIxQBW30z2vnoKXnKrGrw=="
    },
    "typescript": {
      "version": "4.9.5",
      "resolved": "https://registry.npmjs.org/typescript/-/typescript-4.9.5.tgz",
      "integrity": "sha512-1FXk9E2Hm+QzZQ7z+McJiHL4NW1F2EzMu9Nq9i3zAaGqibafqYwCVU6WyWAuyQRRzOlxou8xZSyXLEN8oKj24g==",
      "dev": true
    }
  }
}
